// !$*UTF8*$!
{
	archiveVersion = 1;
	classes = {
	};
	objectVersion = 50;
	objects = {

/* Begin PBXBuildFile section */
		EA1B5AFF207B45C300E7D107 /* AppDelegate.swift in Sources */ = {isa = PBXBuildFile; fileRef = EA1B5AFE207B45C300E7D107 /* AppDelegate.swift */; };
		EA1B5B01207B45C300E7D107 /* ViewController.swift in Sources */ = {isa = PBXBuildFile; fileRef = EA1B5B00207B45C300E7D107 /* ViewController.swift */; };
		EA1B5B04207B45C300E7D107 /* Main.storyboard in Resources */ = {isa = PBXBuildFile; fileRef = EA1B5B02207B45C300E7D107 /* Main.storyboard */; };
		EA1B5B06207B45C500E7D107 /* Assets.xcassets in Resources */ = {isa = PBXBuildFile; fileRef = EA1B5B05207B45C500E7D107 /* Assets.xcassets */; };
		EA1B5B09207B45C500E7D107 /* LaunchScreen.storyboard in Resources */ = {isa = PBXBuildFile; fileRef = EA1B5B07207B45C500E7D107 /* LaunchScreen.storyboard */; };
		EA1B5B11207B463D00E7D107 /* hustle-on.wav in Resources */ = {isa = PBXBuildFile; fileRef = EA1B5B10207B463D00E7D107 /* hustle-on.wav */; };
/* End PBXBuildFile section */

/* Begin PBXFileReference section */
		EA1B5AFB207B45C300E7D107 /* HustleMode.app */ = {isa = PBXFileReference; explicitFileType = wrapper.application; includeInIndex = 0; path = HustleMode.app; sourceTree = BUILT_PRODUCTS_DIR; };
		EA1B5AFE207B45C300E7D107 /* AppDelegate.swift */ = {isa = PBXFileReference; lastKnownFileType = sourcecode.swift; path = AppDelegate.swift; sourceTree = "<group>"; };
		EA1B5B00207B45C300E7D107 /* ViewController.swift */ = {isa = PBXFileReference; lastKnownFileType = sourcecode.swift; path = ViewController.swift; sourceTree = "<group>"; };
		EA1B5B03207B45C300E7D107 /* Base */ = {isa = PBXFileReference; lastKnownFileType = file.storyboard; name = Base; path = Base.lproj/Main.storyboard; sourceTree = "<group>"; };
		EA1B5B05207B45C500E7D107 /* Assets.xcassets */ = {isa = PBXFileReference; lastKnownFileType = folder.assetcatalog; path = Assets.xcassets; sourceTree = "<group>"; };
		EA1B5B08207B45C500E7D107 /* Base */ = {isa = PBXFileReference; lastKnownFileType = file.storyboard; name = Base; path = Base.lproj/LaunchScreen.storyboard; sourceTree = "<group>"; };
		EA1B5B0A207B45C500E7D107 /* Info.plist */ = {isa = PBXFileReference; lastKnownFileType = text.plist.xml; path = Info.plist; sourceTree = "<group>"; };
		EA1B5B10207B463D00E7D107 /* hustle-on.wav */ = {isa = PBXFileReference; lastKnownFileType = audio.wav; path = "hustle-on.wav"; sourceTree = "<group>"; };
/* End PBXFileReference section */

/* Begin PBXFrameworksBuildPhase section */
		EA1B5AF8207B45C300E7D107 /* Frameworks */ = {
			isa = PBXFrameworksBuildPhase;
			buildActionMask = 2147483647;
			files = (
			);
			runOnlyForDeploymentPostprocessing = 0;
		};
/* End PBXFrameworksBuildPhase section */

/* Begin PBXGroup section */
		EA1B5AF2207B45C200E7D107 = {
			isa = PBXGroup;
			children = (
				EA1B5AFD207B45C300E7D107 /* HustleMode */,
				EA1B5AFC207B45C300E7D107 /* Products */,
			);
			sourceTree = "<group>";
		};
		EA1B5AFC207B45C300E7D107 /* Products */ = {
			isa = PBXGroup;
			children = (
				EA1B5AFB207B45C300E7D107 /* HustleMode.app */,
			);
			name = Products;
			sourceTree = "<group>";
		};
		EA1B5AFD207B45C300E7D107 /* HustleMode */ = {
			isa = PBXGroup;
			children = (
				EA1B5B10207B463D00E7D107 /* hustle-on.wav */,
				EA1B5AFE207B45C300E7D107 /* AppDelegate.swift */,
				EA1B5B00207B45C300E7D107 /* ViewController.swift */,
				EA1B5B02207B45C300E7D107 /* Main.storyboard */,
				EA1B5B05207B45C500E7D107 /* Assets.xcassets */,
				EA1B5B07207B45C500E7D107 /* LaunchScreen.storyboard */,
				EA1B5B0A207B45C500E7D107 /* Info.plist */,
			);
			path = HustleMode;
			sourceTree = "<group>";
		};
/* End PBXGroup section */

/* Begin PBXNativeTarget section */
		EA1B5AFA207B45C300E7D107 /* HustleMode */ = {
			isa = PBXNativeTarget;
			buildConfigurationList = EA1B5B0D207B45C500E7D107 /* Build configuration list for PBXNativeTarget "HustleMode" */;
			buildPhases = (
				EA1B5AF7207B45C300E7D107 /* Sources */,
				EA1B5AF8207B45C300E7D107 /* Frameworks */,
				EA1B5AF9207B45C300E7D107 /* Resources */,
			);
			buildRules = (
			);
			dependencies = (
			);
			name = HustleMode;
			productName = HustleMode;
			productReference = EA1B5AFB207B45C300E7D107 /* HustleMode.app */;
			productType = "com.apple.product-type.application";
		};
/* End PBXNativeTarget section */

/* Begin PBXProject section */
		EA1B5AF3207B45C200E7D107 /* Project object */ = {
			isa = PBXProject;
			attributes = {
				LastSwiftUpdateCheck = 0930;
				LastUpgradeCheck = 0930;
				ORGANIZATIONNAME = Jacopo;
				TargetAttributes = {
					EA1B5AFA207B45C300E7D107 = {
						CreatedOnToolsVersion = 9.3;
					};
				};
			};
			buildConfigurationList = EA1B5AF6207B45C200E7D107 /* Build configuration list for PBXProject "HustleMode" */;
			compatibilityVersion = "Xcode 9.3";
			developmentRegion = en;
			hasScannedForEncodings = 0;
			knownRegions = (
				en,
				Base,
			);
			mainGroup = EA1B5AF2207B45C200E7D107;
			productRefGroup = EA1B5AFC207B45C300E7D107 /* Products */;
			projectDirPath = "";
			projectRoot = "";
			targets = (
				EA1B5AFA207B45C300E7D107 /* HustleMode */,
			);
		};
/* End PBXProject section */

/* Begin PBXResourcesBuildPhase section */
		EA1B5AF9207B45C300E7D107 /* Resources */ = {
			isa = PBXResourcesBuildPhase;
			buildActionMask = 2147483647;
			files = (
				EA1B5B11207B463D00E7D107 /* hustle-on.wav in Resources */,
				EA1B5B09207B45C500E7D107 /* LaunchScreen.storyboard in Resources */,
				EA1B5B06207B45C500E7D107 /* Assets.xcassets in Resources */,
				EA1B5B04207B45C300E7D107 /* Main.storyboard in Resources */,
			);
			runOnlyForDeploymentPostprocessing = 0;
		};
/* End PBXResourcesBuildPhase section */

/* Begin PBXSourcesBuildPhase section */
		EA1B5AF7207B45C300E7D107 /* Sources */ = {
			isa = PBXSourcesBuildPhase;
			buildActionMask = 2147483647;
			files = (
				EA1B5B01207B45C300E7D107 /* ViewController.swift in Sources */,
				EA1B5AFF207B45C300E7D107 /* AppDelegate.swift in Sources */,
			);
			runOnlyForDeploymentPostprocessing = 0;
		};
/* End PBXSourcesBuildPhase section */

/* Begin PBXVariantGroup section */
		EA1B5B02207B45C300E7D107 /* Main.storyboard */ = {
			isa = PBXVariantGroup;
			children = (
				EA1B5B03207B45C300E7D107 /* Base */,
			);
			name = Main.storyboard;
			sourceTree = "<group>";
		};
		EA1B5B07207B45C500E7D107 /* LaunchScreen.storyboard */ = {
			isa = PBXVariantGroup;
			children = (
				EA1B5B08207B45C500E7D107 /* Base */,
			);
			name = LaunchScreen.storyboard;
			sourceTree = "<group>";
		};
/* End PBXVariantGroup section */

/* Begin XCBuildConfiguration section */
		EA1B5B0B207B45C500E7D107 /* Debug */ = {
			isa = XCBuildConfiguration;
			buildSettings = {
				ALWAYS_SEARCH_USER_PATHS = NO;
				CLANG_ANALYZER_NONNULL = YES;
				CLANG_ANALYZER_NUMBER_OBJECT_CONVERSION = YES_AGGRESSIVE;
				CLANG_CXX_LANGUAGE_STANDARD = "gnu++14";
				CLANG_CXX_LIBRARY = "libc++";
				CLANG_ENABLE_MODULES = YES;
				CLANG_ENABLE_OBJC_ARC = YES;
				CLANG_ENABLE_OBJC_WEAK = YES;
				CLANG_WARN_BLOCK_CAPTURE_AUTORELEASING = YES;
				CLANG_WARN_BOOL_CONVERSION = YES;
				CLANG_WARN_COMMA = YES;
				CLANG_WARN_CONSTANT_CONVERSION = YES;
				CLANG_WARN_DEPRECATED_OBJC_IMPLEMENTATIONS = YES;
				CLANG_WARN_DIRECT_OBJC_ISA_USAGE = YES_ERROR;
				CLANG_WARN_DOCUMENTATION_COMMENTS = YES;
				CLANG_WARN_EMPTY_BODY = YES;
				CLANG_WARN_ENUM_CONVERSION = YES;
				CLANG_WARN_INFINITE_RECURSION = YES;
				CLANG_WARN_INT_CONVERSION = YES;
				CLANG_WARN_NON_LITERAL_NULL_CONVERSION = YES;
				CLANG_WARN_OBJC_IMPLICIT_RETAIN_SELF = YES;
				CLANG_WARN_OBJC_LITERAL_CONVERSION = YES;
				CLANG_WARN_OBJC_ROOT_CLASS = YES_ERROR;
				CLANG_WARN_RANGE_LOOP_ANALYSIS = YES;
				CLANG_WARN_STRICT_PROTOTYPES = YES;
				CLANG_WARN_SUSPICIOUS_MOVE = YES;
				CLANG_WARN_UNGUARDED_AVAILABILITY = YES_AGGRESSIVE;
				CLANG_WARN_UNREACHABLE_CODE = YES;
				CLANG_WARN__DUPLICATE_METHOD_MATCH = YES;
				CODE_SIGN_IDENTITY = "iPhone Developer";
				COPY_PHASE_STRIP = NO;
				DEBUG_INFORMATION_FORMAT = dwarf;
				ENABLE_STRICT_OBJC_MSGSEND = YES;
				ENABLE_TESTABILITY = YES;
				GCC_C_LANGUAGE_STANDARD = gnu11;
				GCC_DYNAMIC_NO_PIC = NO;
				GCC_NO_COMMON_BLOCKS = YES;
				GCC_OPTIMIZATION_LEVEL = 0;
				GCC_PREPROCESSOR_DEFINITIONS = (
					"DEBUG=1",
					"$(inherited)",
				);
				GCC_WARN_64_TO_32_BIT_CONVERSION = YES;
				GCC_WARN_ABOUT_RETURN_TYPE = YES_ERROR;
				GCC_WARN_UNDECLARED_SELECTOR = YES;
				GCC_WARN_UNINITIALIZED_AUTOS = YES_AGGRESSIVE;
				GCC_WARN_UNUSED_FUNCTION = YES;
				GCC_WARN_UNUSED_VARIABLE = YES;
				IPHONEOS_DEPLOYMENT_TARGET = 11.3;
				MTL_ENABLE_DEBUG_INFO = YES;
				ONLY_ACTIVE_ARCH = YES;
				SDKROOT = iphoneos;
				SWIFT_ACTIVE_COMPILATION_CONDITIONS = DEBUG;
				SWIFT_OPTIMIZATION_LEVEL = "-Onone";
			};
			name = Debug;
		};
		EA1B5B0C207B45C500E7D107 /* Release */ = {
			isa = XCBuildConfiguration;
			buildSettings = {
				ALWAYS_SEARCH_USER_PATHS = NO;
				CLANG_ANALYZER_NONNULL = YES;
				CLANG_ANALYZER_NUMBER_OBJECT_CONVERSION = YES_AGGRESSIVE;
				CLANG_CXX_LANGUAGE_STANDARD = "gnu++14";
				CLANG_CXX_LIBRARY = "libc++";
				CLANG_ENABLE_MODULES = YES;
				CLANG_ENABLE_OBJC_ARC = YES;
				CLANG_ENABLE_OBJC_WEAK = YES;
				CLANG_WARN_BLOCK_CAPTURE_AUTORELEASING = YES;
				CLANG_WARN_BOOL_CONVERSION = YES;
				CLANG_WARN_COMMA = YES;
				CLANG_WARN_CONSTANT_CONVERSION = YES;
				CLANG_WARN_DEPRECATED_OBJC_IMPLEMENTATIONS = YES;
				CLANG_WARN_DIRECT_OBJC_ISA_USAGE = YES_ERROR;
				CLANG_WARN_DOCUMENTATION_COMMENTS = YES;
				CLANG_WARN_EMPTY_BODY = YES;
				CLANG_WARN_ENUM_CONVERSION = YES;
				CLANG_WARN_INFINITE_RECURSION = YES;
				CLANG_WARN_INT_CONVERSION = YES;
				CLANG_WARN_NON_LITERAL_NULL_CONVERSION = YES;
				CLANG_WARN_OBJC_IMPLICIT_RETAIN_SELF = YES;
				CLANG_WARN_OBJC_LITERAL_CONVERSION = YES;
				CLANG_WARN_OBJC_ROOT_CLASS = YES_ERROR;
				CLANG_WARN_RANGE_LOOP_ANALYSIS = YES;
				CLANG_WARN_STRICT_PROTOTYPES = YES;
				CLANG_WARN_SUSPICIOUS_MOVE = YES;
				CLANG_WARN_UNGUARDED_AVAILABILITY = YES_AGGRESSIVE;
				CLANG_WARN_UNREACHABLE_CODE = YES;
				CLANG_WARN__DUPLICATE_METHOD_MATCH = YES;
				CODE_SIGN_IDENTITY = "iPhone Developer";
				COPY_PHASE_STRIP = NO;
				DEBUG_INFORMATION_FORMAT = "dwarf-with-dsym";
				ENABLE_NS_ASSERTIONS = NO;
				ENABLE_STRICT_OBJC_MSGSEND = YES;
				GCC_C_LANGUAGE_STANDARD = gnu11;
				GCC_NO_COMMON_BLOCKS = YES;
				GCC_WARN_64_TO_32_BIT_CONVERSION = YES;
				GCC_WARN_ABOUT_RETURN_TYPE = YES_ERROR;
				GCC_WARN_UNDECLARED_SELECTOR = YES;
				GCC_WARN_UNINITIALIZED_AUTOS = YES_AGGRESSIVE;
				GCC_WARN_UNUSED_FUNCTION = YES;
				GCC_WARN_UNUSED_VARIABLE = YES;
				IPHONEOS_DEPLOYMENT_TARGET = 11.3;
				MTL_ENABLE_DEBUG_INFO = NO;
				SDKROOT = iphoneos;
				SWIFT_COMPILATION_MODE = wholemodule;
				SWIFT_OPTIMIZATION_LEVEL = "-O";
				VALIDATE_PRODUCT = YES;
			};
			name = Release;
		};
		EA1B5B0E207B45C500E7D107 /* Debug */ = {
			isa = XCBuildConfiguration;
			buildSettings = {
				ASSETCATALOG_COMPILER_APPICON_NAME = AppIcon;
				CODE_SIGN_STYLE = Automatic;
				INFOPLIST_FILE = HustleMode/Info.plist;
				LD_RUNPATH_SEARCH_PATHS = (
					"$(inherited)",
					"@executable_path/Frameworks",
				);
				PRODUCT_BUNDLE_IDENTIFIER = com.marbixcompany.HustleMode;
				PRODUCT_NAME = "$(TARGET_NAME)";
				SWIFT_VERSION = 4.0;
				TARGETED_DEVICE_FAMILY = "1,2";
			};
			name = Debug;
		};
		EA1B5B0F207B45C500E7D107 /* Release */ = {
			isa = XCBuildConfiguration;
			buildSettings = {
				ASSETCATALOG_COMPILER_APPICON_NAME = AppIcon;
				CODE_SIGN_STYLE = Automatic;
				INFOPLIST_FILE = HustleMode/Info.plist;
				LD_RUNPATH_SEARCH_PATHS = (
					"$(inherited)",
					"@executable_path/Frameworks",
				);
				PRODUCT_BUNDLE_IDENTIFIER = com.marbixcompany.HustleMode;
				PRODUCT_NAME = "$(TARGET_NAME)";
				SWIFT_VERSION = 4.0;
				TARGETED_DEVICE_FAMILY = "1,2";
			};
			name = Release;
		};
/* End XCBuildConfiguration section */

/* Begin XCConfigurationList section */
		EA1B5AF6207B45C200E7D107 /* Build configuration list for PBXProject "HustleMode" */ = {
			isa = XCConfigurationList;
			buildConfigurations = (
				EA1B5B0B207B45C500E7D107 /* Debug */,
				EA1B5B0C207B45C500E7D107 /* Release */,
			);
			defaultConfigurationIsVisible = 0;
			defaultConfigurationName = Release;
		};
		EA1B5B0D207B45C500E7D107 /* Build configuration list for PBXNativeTarget "HustleMode" */ = {
			isa = XCConfigurationList;
			buildConfigurations = (
				EA1B5B0E207B45C500E7D107 /* Debug */,
				EA1B5B0F207B45C500E7D107 /* Release */,
			);
			defaultConfigurationIsVisible = 0;
			defaultConfigurationName = Release;
		};
/* End XCConfigurationList section */
	};
	rootObject = EA1B5AF3207B45C200E7D107 /* Project object */;
}
